
Microsoft Visual Studio Solution File, Format Version 12.00
# Visual Studio Version 17
VisualStudioVersion = 17.14.36127.28 d17.14
MinimumVisualStudioVersion = 10.0.40219.1
Project("{FAE04EC0-301F-11D3-BF4B-00C04F79EFBC}") = "MetaMaskAutomator", "MetaMaskAutomator.csproj", "{9ED0A282-8A74-4F22-87F9-3FCB74D88212}"
EndProject
Global
	GlobalSection(SolutionConfigurationPlatforms) = preSolution
		Debug|Any CPU = Debug|Any CPU
		Release|Any CPU = Release|Any CPU
	EndGlobalSection
	GlobalSection(ProjectConfigurationPlatforms) = postSolution
		{9ED0A282-8A74-4F22-87F9-3FCB74D88212}.Debug|Any CPU.ActiveCfg = Debug|Any CPU
		{9ED0A282-8A74-4F22-87F9-3FCB74D88212}.Debug|Any CPU.Build.0 = Debug|Any CPU
		{9ED0A282-8A74-4F22-87F9-3FCB74D88212}.Release|Any CPU.ActiveCfg = Release|Any CPU
		{9ED0A282-8A74-4F22-87F9-3FCB74D88212}.Release|Any CPU.Build.0 = Release|Any CPU
	EndGlobalSection
	GlobalSection(SolutionProperties) = preSolution
		HideSolutionNode = FALSE
	EndGlobalSection
	GlobalSection(ExtensibilityGlobals) = postSolution
		SolutionGuid = {7EBF1178-F015-4292-AC10-EF1BF6F9B7A6}
	EndGlobalSection
EndGlobal
